
Microsoft Visual Studio Solution File, Format Version 12.00
# Visual Studio Version 16
VisualStudioVersion = 16.0.31105.61
MinimumVisualStudioVersion = 10.0.40219.1
Project("{FAE04EC0-301F-11D3-BF4B-00C04F79EFBC}") = "BTTH_Tuan6.1", "BTTH_Tuan6.1\BTTH_Tuan6.1.csproj", "{C4CFE36E-9590-42DE-AE43-BE6DE44CEA54}"
EndProject
Global
	GlobalSection(SolutionConfigurationPlatforms) = preSolution
		Debug|Any CPU = Debug|Any CPU
		Release|Any CPU = Release|Any CPU
	EndGlobalSection
	GlobalSection(ProjectConfigurationPlatforms) = postSolution
		{C4CFE36E-9590-42DE-AE43-BE6DE44CEA54}.Debug|Any CPU.ActiveCfg = Debug|Any CPU
		{C4CFE36E-9590-42DE-AE43-BE6DE44CEA54}.Debug|Any CPU.Build.0 = Debug|Any CPU
		{C4CFE36E-9590-42DE-AE43-BE6DE44CEA54}.Release|Any CPU.ActiveCfg = Release|Any CPU
		{C4CFE36E-9590-42DE-AE43-BE6DE44CEA54}.Release|Any CPU.Build.0 = Release|Any CPU
	EndGlobalSection
	GlobalSection(SolutionProperties) = preSolution
		HideSolutionNode = FALSE
	EndGlobalSection
	GlobalSection(ExtensibilityGlobals) = postSolution
		SolutionGuid = {733D3760-EB45-4CC0-9447-9F9F1A0E269E}
	EndGlobalSection
EndGlobal
